
Microsoft Visual Studio Solution File, Format Version 12.00
# Visual Studio Version 17
VisualStudioVersion = 17.8.34330.188
MinimumVisualStudioVersion = 10.0.40219.1
Project("{FAE04EC0-301F-11D3-BF4B-00C04F79EFBC}") = "ViniMod", "ViniMod\ViniMod.csproj", "{40CAE2CB-BB3E-49F1-B936-E751B774F718}"
EndProject
Global
	GlobalSection(SolutionConfigurationPlatforms) = preSolution
		Debug|Any CPU = Debug|Any CPU
		Release|Any CPU = Release|Any CPU
	EndGlobalSection
	GlobalSection(ProjectConfigurationPlatforms) = postSolution
		{40CAE2CB-BB3E-49F1-B936-E751B774F718}.Debug|Any CPU.ActiveCfg = Debug|Any CPU
		{40CAE2CB-BB3E-49F1-B936-E751B774F718}.Debug|Any CPU.Build.0 = Debug|Any CPU
		{40CAE2CB-BB3E-49F1-B936-E751B774F718}.Release|Any CPU.ActiveCfg = Release|Any CPU
		{40CAE2CB-BB3E-49F1-B936-E751B774F718}.Release|Any CPU.Build.0 = Release|Any CPU
	EndGlobalSection
	GlobalSection(SolutionProperties) = preSolution
		HideSolutionNode = FALSE
	EndGlobalSection
	GlobalSection(ExtensibilityGlobals) = postSolution
		SolutionGuid = {33C5E17D-E0FE-47E9-8646-8A3349D32E86}
	EndGlobalSection
EndGlobal
